{
  "name": "instagram-webapp",
  "lockfileVersion": 3,
  "requires": true,
  "packages": {
    "": {
      "name": "instagram-webapp",
      "dependencies": {
        "instagram-webapp": "file:"
      }
    },
    "node_modules/instagram-webapp": {
      "resolved": "",
      "link": true
    }
  }
}
